
Microsoft Visual Studio Solution File, Format Version 12.00
# Visual Studio 2012
Project("{FAE04EC0-301F-11D3-BF4B-00C04F79EFBC}") = "file operation", "file operation\file operation.csproj", "{DC4F1C3F-DA83-4406-A0D6-EAE052571294}"
EndProject
Global
	GlobalSection(SolutionConfigurationPlatforms) = preSolution
		Debug|Any CPU = Debug|Any CPU
		Release|Any CPU = Release|Any CPU
	EndGlobalSection
	GlobalSection(ProjectConfigurationPlatforms) = postSolution
		{DC4F1C3F-DA83-4406-A0D6-EAE052571294}.Debug|Any CPU.ActiveCfg = Debug|Any CPU
		{DC4F1C3F-DA83-4406-A0D6-EAE052571294}.Debug|Any CPU.Build.0 = Debug|Any CPU
		{DC4F1C3F-DA83-4406-A0D6-EAE052571294}.Release|Any CPU.ActiveCfg = Release|Any CPU
		{DC4F1C3F-DA83-4406-A0D6-EAE052571294}.Release|Any CPU.Build.0 = Release|Any CPU
	EndGlobalSection
	GlobalSection(SolutionProperties) = preSolution
		HideSolutionNode = FALSE
	EndGlobalSection
EndGlobal
