
Microsoft Visual Studio Solution File, Format Version 12.00
# Visual Studio 2012
Project("{FAE04EC0-301F-11D3-BF4B-00C04F79EFBC}") = "WindowsFormsApplication1", "WindowsFormsApplication1\WindowsFormsApplication1.csproj", "{0763F889-759C-4D67-9416-9578842DF4DC}"
EndProject
Global
	GlobalSection(SolutionConfigurationPlatforms) = preSolution
		Debug|Any CPU = Debug|Any CPU
		Release|Any CPU = Release|Any CPU
	EndGlobalSection
	GlobalSection(ProjectConfigurationPlatforms) = postSolution
		{0763F889-759C-4D67-9416-9578842DF4DC}.Debug|Any CPU.ActiveCfg = Debug|Any CPU
		{0763F889-759C-4D67-9416-9578842DF4DC}.Debug|Any CPU.Build.0 = Debug|Any CPU
		{0763F889-759C-4D67-9416-9578842DF4DC}.Release|Any CPU.ActiveCfg = Release|Any CPU
		{0763F889-759C-4D67-9416-9578842DF4DC}.Release|Any CPU.Build.0 = Release|Any CPU
	EndGlobalSection
	GlobalSection(SolutionProperties) = preSolution
		HideSolutionNode = FALSE
	EndGlobalSection
EndGlobal
